golang.org/x/exp v0.0.0-20200901203048-c4f52b2c50aa h1:i1+omYRtqpxiCaQJB4MQhUToKvMPFqUUJKvRiRp0gtE=
golang.org/x/exp/errors v0.0.0-20200901203048-c4f52b2c50aa h1:KuOC783xRi5lkhiU5v/+uXV++4UbZgc3o/STU05zqeg=
golang.org/x/exp/errors v0.0.0-20200901203048-c4f52b2c50aa/go.mod h1:YgqsNsAu4fTvlab/7uiYK9LJrCIzKg/NiZUIH1/ayqo=
